
Microsoft Visual Studio Solution File, Format Version 12.00
# Visual Studio Version 17
VisualStudioVersion = 17.5.33502.453
MinimumVisualStudioVersion = 10.0.40219.1
Project("{FAE04EC0-301F-11D3-BF4B-00C04F79EFBC}") = "Blazor", "Blazor\Blazor.csproj", "{22EC53CE-98D8-4FE9-A12B-278C1D2E9325}"
EndProject
Global
	GlobalSection(SolutionConfigurationPlatforms) = preSolution
		Debug|Any CPU = Debug|Any CPU
		Release|Any CPU = Release|Any CPU
	EndGlobalSection
	GlobalSection(ProjectConfigurationPlatforms) = postSolution
		{22EC53CE-98D8-4FE9-A12B-278C1D2E9325}.Debug|Any CPU.ActiveCfg = Debug|Any CPU
		{22EC53CE-98D8-4FE9-A12B-278C1D2E9325}.Debug|Any CPU.Build.0 = Debug|Any CPU
		{22EC53CE-98D8-4FE9-A12B-278C1D2E9325}.Release|Any CPU.ActiveCfg = Release|Any CPU
		{22EC53CE-98D8-4FE9-A12B-278C1D2E9325}.Release|Any CPU.Build.0 = Release|Any CPU
	EndGlobalSection
	GlobalSection(SolutionProperties) = preSolution
		HideSolutionNode = FALSE
	EndGlobalSection
	GlobalSection(ExtensibilityGlobals) = postSolution
		SolutionGuid = {13A6B46A-5955-4693-A4B2-C4FEE2B09922}
	EndGlobalSection
EndGlobal
